
Microsoft Visual Studio Solution File, Format Version 12.00
# Visual Studio Version 16
VisualStudioVersion = 16.0.31702.278
MinimumVisualStudioVersion = 10.0.40219.1
Project("{8BC9CEB8-8B4A-11D0-8D11-00A0C91BC942}") = "Sandbox", "Sandbox\Sandbox.vcxproj", "{1B3F395D-F29C-4520-85B9-151F99CBF86E}"
EndProject
Project("{8BC9CEB8-8B4A-11D0-8D11-00A0C91BC942}") = "ChiliEngine", "ChiliEngine\ChiliEngine.vcxproj", "{6E9E03B5-D170-40D3-BD5A-9B24C0DD7AB8}"
EndProject

Global
	GlobalSection(SolutionConfigurationPlatforms) = preSolution
		Debug|x64 = Debug|x64
		Release|x64 = Release|x64
	EndGlobalSection
	GlobalSection(ProjectConfigurationPlatforms) = postSolution
		{6E9E03B5-D170-40D3-BD5A-9B24C0DD7AB8}.Debug|x64.ActiveCfg = Debug|x64
		{6E9E03B5-D170-40D3-BD5A-9B24C0DD7AB8}.Debug|x64.Build.0 = Debug|x64
		{6E9E03B5-D170-40D3-BD5A-9B24C0DD7AB8}.Release|x64.ActiveCfg = Release|x64
		{6E9E03B5-D170-40D3-BD5A-9B24C0DD7AB8}.Release|x64.Build.0 = Release|x64
		{1B3F395D-F29C-4520-85B9-151F99CBF86E}.Debug|x64.ActiveCfg = Debug|x64
		{1B3F395D-F29C-4520-85B9-151F99CBF86E}.Debug|x64.Build.0 = Debug|x64
		{1B3F395D-F29C-4520-85B9-151F99CBF86E}.Release|x64.ActiveCfg = Release|x64
		{1B3F395D-F29C-4520-85B9-151F99CBF86E}.Release|x64.Build.0 = Release|x64
	EndGlobalSection
	GlobalSection(SolutionProperties) = preSolution
		HideSolutionNode = FALSE
	EndGlobalSection
	GlobalSection(ExtensibilityGlobals) = postSolution
		SolutionGuid = {D5420A3A-E43E-4392-B78A-F3920FAE846C}
	EndGlobalSection
EndGlobal
