<?xml version="1.0" encoding="utf-8"?>
<Project ToolsVersion="4.0" xmlns="http://schemas.microsoft.com/developer/msbuild/2003">
  <ItemGroup>
    <Filter Include="Chili">
      <UniqueIdentifier>{4E3EF60C-BA52-1EBE-83D4-C11DEFA71AEF}</UniqueIdentifier>
    </Filter>
    <Filter Include="Chili\Events">
      <UniqueIdentifier>{bba0e9dd-6003-4c2b-826a-32f8e8622631}</UniqueIdentifier>
    </Filter>
  </ItemGroup>
  <ItemGroup>
    <ClInclude Include="src\Chili\Application.h">
      <Filter>Chili</Filter>
    </ClInclude>
    <ClInclude Include="src\Chili\Core.h">
      <Filter>Chili</Filter>
    </ClInclude>
    <ClInclude Include="src\Chili\EntryPoint.h">
      <Filter>Chili</Filter>
    </ClInclude>
    <ClInclude Include="src\Chili\Log.h">
      <Filter>Chili</Filter>
    </ClInclude>
    <ClInclude Include="src\chili.h" />
    <ClInclude Include="src\Chili\Events\ApplicationEvent.h">
      <Filter>Chili\Events</Filter>
    </ClInclude>
    <ClInclude Include="src\Chili\Events\Event.h">
      <Filter>Chili\Events</Filter>
    </ClInclude>
    <ClInclude Include="src\Chili\Events\KeyEvent.h">
      <Filter>Chili\Events</Filter>
    </ClInclude>
    <ClInclude Include="src\Chili\Events\MouseEvent.h">
      <Filter>Chili\Events</Filter>
    </ClInclude>
  </ItemGroup>
  <ItemGroup>
    <ClCompile Include="src\Chili\Application.cpp">
      <Filter>Chili</Filter>
    </ClCompile>
    <ClCompile Include="src\Chili\Log.cpp">
      <Filter>Chili</Filter>
    </ClCompile>
  </ItemGroup>
</Project>